
Microsoft Visual Studio Solution File, Format Version 12.00
# Visual Studio 14
VisualStudioVersion = 14.0.25420.1
MinimumVisualStudioVersion = 10.0.40219.1
Project("{FAE04EC0-301F-11D3-BF4B-00C04F79EFBC}") = "HSTrackerData", "HSTrackerData\HSTrackerData.csproj", "{8D70A0CB-F6A5-4A7F-8F28-7C3097CA2697}"
EndProject
Project("{FAE04EC0-301F-11D3-BF4B-00C04F79EFBC}") = "HSTrackerService", "HSTrackerService\HSTrackerService.csproj", "{49EEB116-E3AA-4EF7-9595-C7CC2F81E219}"
EndProject
Project("{FAE04EC0-301F-11D3-BF4B-00C04F79EFBC}") = "HSTrackerModel", "HSTrackerModel\HSTrackerModel.csproj", "{A5B729DB-9A38-4769-9859-7E0B6964AFBE}"
EndProject
Global
	GlobalSection(SolutionConfigurationPlatforms) = preSolution
		Debug|Any CPU = Debug|Any CPU
		Release|Any CPU = Release|Any CPU
	EndGlobalSection
	GlobalSection(ProjectConfigurationPlatforms) = postSolution
		{8D70A0CB-F6A5-4A7F-8F28-7C3097CA2697}.Debug|Any CPU.ActiveCfg = Debug|Any CPU
		{8D70A0CB-F6A5-4A7F-8F28-7C3097CA2697}.Debug|Any CPU.Build.0 = Debug|Any CPU
		{8D70A0CB-F6A5-4A7F-8F28-7C3097CA2697}.Release|Any CPU.ActiveCfg = Release|Any CPU
		{8D70A0CB-F6A5-4A7F-8F28-7C3097CA2697}.Release|Any CPU.Build.0 = Release|Any CPU
		{49EEB116-E3AA-4EF7-9595-C7CC2F81E219}.Debug|Any CPU.ActiveCfg = Debug|Any CPU
		{49EEB116-E3AA-4EF7-9595-C7CC2F81E219}.Debug|Any CPU.Build.0 = Debug|Any CPU
		{49EEB116-E3AA-4EF7-9595-C7CC2F81E219}.Release|Any CPU.ActiveCfg = Release|Any CPU
		{49EEB116-E3AA-4EF7-9595-C7CC2F81E219}.Release|Any CPU.Build.0 = Release|Any CPU
		{A5B729DB-9A38-4769-9859-7E0B6964AFBE}.Debug|Any CPU.ActiveCfg = Debug|Any CPU
		{A5B729DB-9A38-4769-9859-7E0B6964AFBE}.Debug|Any CPU.Build.0 = Debug|Any CPU
		{A5B729DB-9A38-4769-9859-7E0B6964AFBE}.Release|Any CPU.ActiveCfg = Release|Any CPU
		{A5B729DB-9A38-4769-9859-7E0B6964AFBE}.Release|Any CPU.Build.0 = Release|Any CPU
	EndGlobalSection
	GlobalSection(SolutionProperties) = preSolution
		HideSolutionNode = FALSE
	EndGlobalSection
EndGlobal
