
Microsoft Visual Studio Solution File, Format Version 12.00
# Visual Studio 14
VisualStudioVersion = 14.0.25420.1
MinimumVisualStudioVersion = 10.0.40219.1
Project("{FAE04EC0-301F-11D3-BF4B-00C04F79EFBC}") = "RSTrackerData", "HSTrackerData\RSTrackerData.csproj", "{8D70A0CB-F6A5-4A7F-8F28-7C3097CA2697}"
EndProject
Project("{FAE04EC0-301F-11D3-BF4B-00C04F79EFBC}") = "RSTrackerService", "HSTrackerService\RSTrackerService.csproj", "{49EEB116-E3AA-4EF7-9595-C7CC2F81E219}"
EndProject
Project("{FAE04EC0-301F-11D3-BF4B-00C04F79EFBC}") = "RSTrackerModel", "HSTrackerModel\RSTrackerModel.csproj", "{A5B729DB-9A38-4769-9859-7E0B6964AFBE}"
EndProject
Project("{FAE04EC0-301F-11D3-BF4B-00C04F79EFBC}") = "RSTrackerWeb", "RSTracker\RSTrackerWeb.csproj", "{B50B0CE5-E14F-4896-848C-CAB1CFD08EB7}"
EndProject
Global
	GlobalSection(SolutionConfigurationPlatforms) = preSolution
		Debug|Any CPU = Debug|Any CPU
		Release|Any CPU = Release|Any CPU
	EndGlobalSection
	GlobalSection(ProjectConfigurationPlatforms) = postSolution
		{8D70A0CB-F6A5-4A7F-8F28-7C3097CA2697}.Debug|Any CPU.ActiveCfg = Debug|Any CPU
		{8D70A0CB-F6A5-4A7F-8F28-7C3097CA2697}.Debug|Any CPU.Build.0 = Debug|Any CPU
		{8D70A0CB-F6A5-4A7F-8F28-7C3097CA2697}.Release|Any CPU.ActiveCfg = Release|Any CPU
		{8D70A0CB-F6A5-4A7F-8F28-7C3097CA2697}.Release|Any CPU.Build.0 = Release|Any CPU
		{49EEB116-E3AA-4EF7-9595-C7CC2F81E219}.Debug|Any CPU.ActiveCfg = Debug|Any CPU
		{49EEB116-E3AA-4EF7-9595-C7CC2F81E219}.Debug|Any CPU.Build.0 = Debug|Any CPU
		{49EEB116-E3AA-4EF7-9595-C7CC2F81E219}.Release|Any CPU.ActiveCfg = Release|Any CPU
		{49EEB116-E3AA-4EF7-9595-C7CC2F81E219}.Release|Any CPU.Build.0 = Release|Any CPU
		{A5B729DB-9A38-4769-9859-7E0B6964AFBE}.Debug|Any CPU.ActiveCfg = Debug|Any CPU
		{A5B729DB-9A38-4769-9859-7E0B6964AFBE}.Debug|Any CPU.Build.0 = Debug|Any CPU
		{A5B729DB-9A38-4769-9859-7E0B6964AFBE}.Release|Any CPU.ActiveCfg = Release|Any CPU
		{A5B729DB-9A38-4769-9859-7E0B6964AFBE}.Release|Any CPU.Build.0 = Release|Any CPU
		{B50B0CE5-E14F-4896-848C-CAB1CFD08EB7}.Debug|Any CPU.ActiveCfg = Debug|Any CPU
		{B50B0CE5-E14F-4896-848C-CAB1CFD08EB7}.Debug|Any CPU.Build.0 = Debug|Any CPU
		{B50B0CE5-E14F-4896-848C-CAB1CFD08EB7}.Release|Any CPU.ActiveCfg = Release|Any CPU
		{B50B0CE5-E14F-4896-848C-CAB1CFD08EB7}.Release|Any CPU.Build.0 = Release|Any CPU
	EndGlobalSection
	GlobalSection(SolutionProperties) = preSolution
		HideSolutionNode = FALSE
	EndGlobalSection
EndGlobal
